
Microsoft Visual Studio Solution File, Format Version 12.00
# Visual Studio Version 16
VisualStudioVersion = 16.0.35731.53
MinimumVisualStudioVersion = 10.0.40219.1
Project("{FAE04EC0-301F-11D3-BF4B-00C04F79EFBC}") = "MakeupShopApp.Android", "MakeupShopApp\MakeupShopApp.Android\MakeupShopApp.Android.csproj", "{6F68928F-C88A-4FEA-B10E-AB8CA2A9DB0F}"
EndProject
Project("{FAE04EC0-301F-11D3-BF4B-00C04F79EFBC}") = "MakeupShopApp.iOS", "MakeupShopApp\MakeupShopApp.iOS\MakeupShopApp.iOS.csproj", "{6FFB4E08-44BF-49E7-ADAC-2A59D063EA75}"
EndProject
Project("{FAE04EC0-301F-11D3-BF4B-00C04F79EFBC}") = "MakeupShopApp", "MakeupShopApp\MakeupShopApp\MakeupShopApp.csproj", "{048C667B-1D42-4F29-8522-7FCCB30245CC}"
EndProject
Global
	GlobalSection(SolutionConfigurationPlatforms) = preSolution
		Debug|Any CPU = Debug|Any CPU
		Debug|iPhone = Debug|iPhone
		Debug|iPhoneSimulator = Debug|iPhoneSimulator
		Release|Any CPU = Release|Any CPU
		Release|iPhone = Release|iPhone
		Release|iPhoneSimulator = Release|iPhoneSimulator
	EndGlobalSection
	GlobalSection(ProjectConfigurationPlatforms) = postSolution
		{6F68928F-C88A-4FEA-B10E-AB8CA2A9DB0F}.Debug|Any CPU.ActiveCfg = Debug|Any CPU
		{6F68928F-C88A-4FEA-B10E-AB8CA2A9DB0F}.Debug|Any CPU.Build.0 = Debug|Any CPU
		{6F68928F-C88A-4FEA-B10E-AB8CA2A9DB0F}.Debug|Any CPU.Deploy.0 = Debug|Any CPU
		{6F68928F-C88A-4FEA-B10E-AB8CA2A9DB0F}.Debug|iPhone.ActiveCfg = Debug|Any CPU
		{6F68928F-C88A-4FEA-B10E-AB8CA2A9DB0F}.Debug|iPhone.Build.0 = Debug|Any CPU
		{6F68928F-C88A-4FEA-B10E-AB8CA2A9DB0F}.Debug|iPhone.Deploy.0 = Debug|Any CPU
		{6F68928F-C88A-4FEA-B10E-AB8CA2A9DB0F}.Debug|iPhoneSimulator.ActiveCfg = Debug|Any CPU
		{6F68928F-C88A-4FEA-B10E-AB8CA2A9DB0F}.Debug|iPhoneSimulator.Build.0 = Debug|Any CPU
		{6F68928F-C88A-4FEA-B10E-AB8CA2A9DB0F}.Debug|iPhoneSimulator.Deploy.0 = Debug|Any CPU
		{6F68928F-C88A-4FEA-B10E-AB8CA2A9DB0F}.Release|Any CPU.ActiveCfg = Release|Any CPU
		{6F68928F-C88A-4FEA-B10E-AB8CA2A9DB0F}.Release|Any CPU.Build.0 = Release|Any CPU
		{6F68928F-C88A-4FEA-B10E-AB8CA2A9DB0F}.Release|Any CPU.Deploy.0 = Release|Any CPU
		{6F68928F-C88A-4FEA-B10E-AB8CA2A9DB0F}.Release|iPhone.ActiveCfg = Release|Any CPU
		{6F68928F-C88A-4FEA-B10E-AB8CA2A9DB0F}.Release|iPhone.Build.0 = Release|Any CPU
		{6F68928F-C88A-4FEA-B10E-AB8CA2A9DB0F}.Release|iPhone.Deploy.0 = Release|Any CPU
		{6F68928F-C88A-4FEA-B10E-AB8CA2A9DB0F}.Release|iPhoneSimulator.ActiveCfg = Release|Any CPU
		{6F68928F-C88A-4FEA-B10E-AB8CA2A9DB0F}.Release|iPhoneSimulator.Build.0 = Release|Any CPU
		{6F68928F-C88A-4FEA-B10E-AB8CA2A9DB0F}.Release|iPhoneSimulator.Deploy.0 = Release|Any CPU
		{6FFB4E08-44BF-49E7-ADAC-2A59D063EA75}.Debug|Any CPU.ActiveCfg = Debug|iPhone
		{6FFB4E08-44BF-49E7-ADAC-2A59D063EA75}.Debug|Any CPU.Build.0 = Debug|iPhone
		{6FFB4E08-44BF-49E7-ADAC-2A59D063EA75}.Debug|Any CPU.Deploy.0 = Debug|iPhone
		{6FFB4E08-44BF-49E7-ADAC-2A59D063EA75}.Debug|iPhone.ActiveCfg = Debug|iPhone
		{6FFB4E08-44BF-49E7-ADAC-2A59D063EA75}.Debug|iPhone.Build.0 = Debug|iPhone
		{6FFB4E08-44BF-49E7-ADAC-2A59D063EA75}.Debug|iPhone.Deploy.0 = Debug|iPhone
		{6FFB4E08-44BF-49E7-ADAC-2A59D063EA75}.Debug|iPhoneSimulator.ActiveCfg = Debug|iPhoneSimulator
		{6FFB4E08-44BF-49E7-ADAC-2A59D063EA75}.Debug|iPhoneSimulator.Build.0 = Debug|iPhoneSimulator
		{6FFB4E08-44BF-49E7-ADAC-2A59D063EA75}.Debug|iPhoneSimulator.Deploy.0 = Debug|iPhoneSimulator
		{6FFB4E08-44BF-49E7-ADAC-2A59D063EA75}.Release|Any CPU.ActiveCfg = Release|iPhoneSimulator
		{6FFB4E08-44BF-49E7-ADAC-2A59D063EA75}.Release|Any CPU.Build.0 = Release|iPhoneSimulator
		{6FFB4E08-44BF-49E7-ADAC-2A59D063EA75}.Release|Any CPU.Deploy.0 = Release|iPhoneSimulator
		{6FFB4E08-44BF-49E7-ADAC-2A59D063EA75}.Release|iPhone.ActiveCfg = Release|iPhone
		{6FFB4E08-44BF-49E7-ADAC-2A59D063EA75}.Release|iPhone.Build.0 = Release|iPhone
		{6FFB4E08-44BF-49E7-ADAC-2A59D063EA75}.Release|iPhone.Deploy.0 = Release|iPhone
		{6FFB4E08-44BF-49E7-ADAC-2A59D063EA75}.Release|iPhoneSimulator.ActiveCfg = Release|iPhoneSimulator
		{6FFB4E08-44BF-49E7-ADAC-2A59D063EA75}.Release|iPhoneSimulator.Build.0 = Release|iPhoneSimulator
		{6FFB4E08-44BF-49E7-ADAC-2A59D063EA75}.Release|iPhoneSimulator.Deploy.0 = Release|iPhoneSimulator
		{048C667B-1D42-4F29-8522-7FCCB30245CC}.Debug|Any CPU.ActiveCfg = Debug|Any CPU
		{048C667B-1D42-4F29-8522-7FCCB30245CC}.Debug|Any CPU.Build.0 = Debug|Any CPU
		{048C667B-1D42-4F29-8522-7FCCB30245CC}.Debug|Any CPU.Deploy.0 = Debug|Any CPU
		{048C667B-1D42-4F29-8522-7FCCB30245CC}.Debug|iPhone.ActiveCfg = Debug|Any CPU
		{048C667B-1D42-4F29-8522-7FCCB30245CC}.Debug|iPhone.Build.0 = Debug|Any CPU
		{048C667B-1D42-4F29-8522-7FCCB30245CC}.Debug|iPhone.Deploy.0 = Debug|Any CPU
		{048C667B-1D42-4F29-8522-7FCCB30245CC}.Debug|iPhoneSimulator.ActiveCfg = Debug|Any CPU
		{048C667B-1D42-4F29-8522-7FCCB30245CC}.Debug|iPhoneSimulator.Build.0 = Debug|Any CPU
		{048C667B-1D42-4F29-8522-7FCCB30245CC}.Debug|iPhoneSimulator.Deploy.0 = Debug|Any CPU
		{048C667B-1D42-4F29-8522-7FCCB30245CC}.Release|Any CPU.ActiveCfg = Release|Any CPU
		{048C667B-1D42-4F29-8522-7FCCB30245CC}.Release|Any CPU.Build.0 = Release|Any CPU
		{048C667B-1D42-4F29-8522-7FCCB30245CC}.Release|Any CPU.Deploy.0 = Release|Any CPU
		{048C667B-1D42-4F29-8522-7FCCB30245CC}.Release|iPhone.ActiveCfg = Release|Any CPU
		{048C667B-1D42-4F29-8522-7FCCB30245CC}.Release|iPhone.Build.0 = Release|Any CPU
		{048C667B-1D42-4F29-8522-7FCCB30245CC}.Release|iPhone.Deploy.0 = Release|Any CPU
		{048C667B-1D42-4F29-8522-7FCCB30245CC}.Release|iPhoneSimulator.ActiveCfg = Release|Any CPU
		{048C667B-1D42-4F29-8522-7FCCB30245CC}.Release|iPhoneSimulator.Build.0 = Release|Any CPU
		{048C667B-1D42-4F29-8522-7FCCB30245CC}.Release|iPhoneSimulator.Deploy.0 = Release|Any CPU
	EndGlobalSection
	GlobalSection(SolutionProperties) = preSolution
		HideSolutionNode = FALSE
	EndGlobalSection
	GlobalSection(ExtensibilityGlobals) = postSolution
		SolutionGuid = {F3988BD4-D73C-429A-8A65-E25D6011961D}
	EndGlobalSection
EndGlobal
